
Microsoft Visual Studio Solution File, Format Version 12.00
# Visual Studio 15
VisualStudioVersion = 15.0.28307.136
MinimumVisualStudioVersion = 10.0.40219.1
Project("{FAE04EC0-301F-11D3-BF4B-00C04F79EFBC}") = "laba_4", "laba_4\laba_4.csproj", "{D570DD02-B5AA-4E0B-A6E1-EB73C3E91B9B}"
EndProject
Global
	GlobalSection(SolutionConfigurationPlatforms) = preSolution
		Debug|Any CPU = Debug|Any CPU
		Release|Any CPU = Release|Any CPU
	EndGlobalSection
	GlobalSection(ProjectConfigurationPlatforms) = postSolution
		{D570DD02-B5AA-4E0B-A6E1-EB73C3E91B9B}.Debug|Any CPU.ActiveCfg = Debug|Any CPU
		{D570DD02-B5AA-4E0B-A6E1-EB73C3E91B9B}.Debug|Any CPU.Build.0 = Debug|Any CPU
		{D570DD02-B5AA-4E0B-A6E1-EB73C3E91B9B}.Release|Any CPU.ActiveCfg = Release|Any CPU
		{D570DD02-B5AA-4E0B-A6E1-EB73C3E91B9B}.Release|Any CPU.Build.0 = Release|Any CPU
	EndGlobalSection
	GlobalSection(SolutionProperties) = preSolution
		HideSolutionNode = FALSE
	EndGlobalSection
	GlobalSection(ExtensibilityGlobals) = postSolution
		SolutionGuid = {84E2F909-925D-4F9F-8924-525B5F20B482}
	EndGlobalSection
EndGlobal
